{
  "object": {
    "pins": [
      {
        "package": "Crcl",
        "repositoryURL": "/home/alex/swift-projects/Crcl",
        "state": {
          "branch": null,
          "revision": "cd43c0fd1ede2eeb2057f763ae808b8a941db7e7",
          "version": "0.1.3"
        }
      }
    ]
  },
  "version": 1
}
